
Microsoft Visual Studio Solution File, Format Version 12.00
# Visual Studio Version 17
VisualStudioVersion = 17.10.35027.167
MinimumVisualStudioVersion = 10.0.40219.1
Project("{FAE04EC0-301F-11D3-BF4B-00C04F79EFBC}") = "Product.Backend", "Product.Backend.csproj", "{20A615C5-95C0-4A88-9F9E-5B039239E6E1}"
EndProject
Project("{FAE04EC0-301F-11D3-BF4B-00C04F79EFBC}") = "Product.Backend.UnitTests", "..\Product.Backend.UnitTests\Product.Backend.UnitTests.csproj", "{4A8B6BA9-1E45-4C25-B60D-BDE85FF07690}"
EndProject
Global
	GlobalSection(SolutionConfigurationPlatforms) = preSolution
		Debug|Any CPU = Debug|Any CPU
		Release|Any CPU = Release|Any CPU
	EndGlobalSection
	GlobalSection(ProjectConfigurationPlatforms) = postSolution
		{20A615C5-95C0-4A88-9F9E-5B039239E6E1}.Debug|Any CPU.ActiveCfg = Debug|Any CPU
		{20A615C5-95C0-4A88-9F9E-5B039239E6E1}.Debug|Any CPU.Build.0 = Debug|Any CPU
		{20A615C5-95C0-4A88-9F9E-5B039239E6E1}.Release|Any CPU.ActiveCfg = Release|Any CPU
		{20A615C5-95C0-4A88-9F9E-5B039239E6E1}.Release|Any CPU.Build.0 = Release|Any CPU
		{4A8B6BA9-1E45-4C25-B60D-BDE85FF07690}.Debug|Any CPU.ActiveCfg = Debug|Any CPU
		{4A8B6BA9-1E45-4C25-B60D-BDE85FF07690}.Debug|Any CPU.Build.0 = Debug|Any CPU
		{4A8B6BA9-1E45-4C25-B60D-BDE85FF07690}.Release|Any CPU.ActiveCfg = Release|Any CPU
		{4A8B6BA9-1E45-4C25-B60D-BDE85FF07690}.Release|Any CPU.Build.0 = Release|Any CPU
	EndGlobalSection
	GlobalSection(SolutionProperties) = preSolution
		HideSolutionNode = FALSE
	EndGlobalSection
	GlobalSection(ExtensibilityGlobals) = postSolution
		SolutionGuid = {BD2E41B7-AE99-400C-9B68-78421DE47304}
	EndGlobalSection
EndGlobal
